
Microsoft Visual Studio Solution File, Format Version 12.00
# Visual Studio 2013
VisualStudioVersion = 12.0.31101.0
MinimumVisualStudioVersion = 10.0.40219.1
Project("{FAE04EC0-301F-11D3-BF4B-00C04F79EFBC}") = "01SortArrayOfNumbers", "01SortArrayOfNumbers\01SortArrayOfNumbers.csproj", "{4B84ED2F-E7CC-40FC-A3DE-EB000210B92A}"
EndProject
Project("{FAE04EC0-301F-11D3-BF4B-00C04F79EFBC}") = "02SortArrayOfNumbers", "02SortArrayOfNumbers\02SortArrayOfNumbers.csproj", "{B936C9F1-BBB9-4F01-8E03-A2488800D06C}"
EndProject
Project("{FAE04EC0-301F-11D3-BF4B-00C04F79EFBC}") = "03CategorizeNumbers", "03CategorizeNumbers\03CategorizeNumbers.csproj", "{A16345B5-8513-4568-B3D2-45723384497E}"
EndProject
Project("{FAE04EC0-301F-11D3-BF4B-00C04F79EFBC}") = "04SequencesOfEqualStrings", "04SequencesOfEqualStrings\04SequencesOfEqualStrings.csproj", "{2F5CE034-E86C-4C46-8175-1D205C74B546}"
EndProject
Project("{FAE04EC0-301F-11D3-BF4B-00C04F79EFBC}") = "05LongestIncreasingSequence", "05LongestIncreasingSequence\05LongestIncreasingSequence.csproj", "{233524E2-EDB7-4535-91E3-BDF9A56FC324}"
EndProject
Project("{FAE04EC0-301F-11D3-BF4B-00C04F79EFBC}") = "09StuckNumbers", "09StuckNumbers\09StuckNumbers.csproj", "{FBBA8FAF-18F6-47C9-97EF-9116F393902E}"
EndProject
Project("{FAE04EC0-301F-11D3-BF4B-00C04F79EFBC}") = "06_07SubsetSums", "06_07SubsetSums\06_07SubsetSums.csproj", "{0BC4CED0-03CE-4A59-AC52-D05317A17822}"
EndProject
Project("{FAE04EC0-301F-11D3-BF4B-00C04F79EFBC}") = "10PythagoreanNumbers", "10PythagoreanNumbers\10PythagoreanNumbers.csproj", "{B966A76A-6E3A-4895-82C9-A45F3BD0ED3A}"
EndProject
Global
	GlobalSection(SolutionConfigurationPlatforms) = preSolution
		Debug|Any CPU = Debug|Any CPU
		Release|Any CPU = Release|Any CPU
	EndGlobalSection
	GlobalSection(ProjectConfigurationPlatforms) = postSolution
		{4B84ED2F-E7CC-40FC-A3DE-EB000210B92A}.Debug|Any CPU.ActiveCfg = Debug|Any CPU
		{4B84ED2F-E7CC-40FC-A3DE-EB000210B92A}.Debug|Any CPU.Build.0 = Debug|Any CPU
		{4B84ED2F-E7CC-40FC-A3DE-EB000210B92A}.Release|Any CPU.ActiveCfg = Release|Any CPU
		{4B84ED2F-E7CC-40FC-A3DE-EB000210B92A}.Release|Any CPU.Build.0 = Release|Any CPU
		{B936C9F1-BBB9-4F01-8E03-A2488800D06C}.Debug|Any CPU.ActiveCfg = Debug|Any CPU
		{B936C9F1-BBB9-4F01-8E03-A2488800D06C}.Debug|Any CPU.Build.0 = Debug|Any CPU
		{B936C9F1-BBB9-4F01-8E03-A2488800D06C}.Release|Any CPU.ActiveCfg = Release|Any CPU
		{B936C9F1-BBB9-4F01-8E03-A2488800D06C}.Release|Any CPU.Build.0 = Release|Any CPU
		{A16345B5-8513-4568-B3D2-45723384497E}.Debug|Any CPU.ActiveCfg = Debug|Any CPU
		{A16345B5-8513-4568-B3D2-45723384497E}.Debug|Any CPU.Build.0 = Debug|Any CPU
		{A16345B5-8513-4568-B3D2-45723384497E}.Release|Any CPU.ActiveCfg = Release|Any CPU
		{A16345B5-8513-4568-B3D2-45723384497E}.Release|Any CPU.Build.0 = Release|Any CPU
		{2F5CE034-E86C-4C46-8175-1D205C74B546}.Debug|Any CPU.ActiveCfg = Debug|Any CPU
		{2F5CE034-E86C-4C46-8175-1D205C74B546}.Debug|Any CPU.Build.0 = Debug|Any CPU
		{2F5CE034-E86C-4C46-8175-1D205C74B546}.Release|Any CPU.ActiveCfg = Release|Any CPU
		{2F5CE034-E86C-4C46-8175-1D205C74B546}.Release|Any CPU.Build.0 = Release|Any CPU
		{233524E2-EDB7-4535-91E3-BDF9A56FC324}.Debug|Any CPU.ActiveCfg = Debug|Any CPU
		{233524E2-EDB7-4535-91E3-BDF9A56FC324}.Debug|Any CPU.Build.0 = Debug|Any CPU
		{233524E2-EDB7-4535-91E3-BDF9A56FC324}.Release|Any CPU.ActiveCfg = Release|Any CPU
		{233524E2-EDB7-4535-91E3-BDF9A56FC324}.Release|Any CPU.Build.0 = Release|Any CPU
		{FBBA8FAF-18F6-47C9-97EF-9116F393902E}.Debug|Any CPU.ActiveCfg = Debug|Any CPU
		{FBBA8FAF-18F6-47C9-97EF-9116F393902E}.Debug|Any CPU.Build.0 = Debug|Any CPU
		{FBBA8FAF-18F6-47C9-97EF-9116F393902E}.Release|Any CPU.ActiveCfg = Release|Any CPU
		{FBBA8FAF-18F6-47C9-97EF-9116F393902E}.Release|Any CPU.Build.0 = Release|Any CPU
		{0BC4CED0-03CE-4A59-AC52-D05317A17822}.Debug|Any CPU.ActiveCfg = Debug|Any CPU
		{0BC4CED0-03CE-4A59-AC52-D05317A17822}.Debug|Any CPU.Build.0 = Debug|Any CPU
		{0BC4CED0-03CE-4A59-AC52-D05317A17822}.Release|Any CPU.ActiveCfg = Release|Any CPU
		{0BC4CED0-03CE-4A59-AC52-D05317A17822}.Release|Any CPU.Build.0 = Release|Any CPU
		{B966A76A-6E3A-4895-82C9-A45F3BD0ED3A}.Debug|Any CPU.ActiveCfg = Debug|Any CPU
		{B966A76A-6E3A-4895-82C9-A45F3BD0ED3A}.Debug|Any CPU.Build.0 = Debug|Any CPU
		{B966A76A-6E3A-4895-82C9-A45F3BD0ED3A}.Release|Any CPU.ActiveCfg = Release|Any CPU
		{B966A76A-6E3A-4895-82C9-A45F3BD0ED3A}.Release|Any CPU.Build.0 = Release|Any CPU
	EndGlobalSection
	GlobalSection(SolutionProperties) = preSolution
		HideSolutionNode = FALSE
	EndGlobalSection
EndGlobal
