
Microsoft Visual Studio Solution File, Format Version 12.00
# Visual Studio Version 16
VisualStudioVersion = 16.0.29521.150
MinimumVisualStudioVersion = 10.0.40219.1
Project("{9A19103F-16F7-4668-BE54-9A1E7A4F7556}") = "01. Rhombus of Stars", "01. Rhombus of Stars.csproj", "{7AEFC376-7F35-41AD-AE85-92C1AAABC8EB}"
EndProject
Global
	GlobalSection(SolutionConfigurationPlatforms) = preSolution
		Debug|Any CPU = Debug|Any CPU
		Release|Any CPU = Release|Any CPU
	EndGlobalSection
	GlobalSection(ProjectConfigurationPlatforms) = postSolution
		{7AEFC376-7F35-41AD-AE85-92C1AAABC8EB}.Debug|Any CPU.ActiveCfg = Debug|Any CPU
		{7AEFC376-7F35-41AD-AE85-92C1AAABC8EB}.Debug|Any CPU.Build.0 = Debug|Any CPU
		{7AEFC376-7F35-41AD-AE85-92C1AAABC8EB}.Release|Any CPU.ActiveCfg = Release|Any CPU
		{7AEFC376-7F35-41AD-AE85-92C1AAABC8EB}.Release|Any CPU.Build.0 = Release|Any CPU
	EndGlobalSection
	GlobalSection(SolutionProperties) = preSolution
		HideSolutionNode = FALSE
	EndGlobalSection
	GlobalSection(ExtensibilityGlobals) = postSolution
		SolutionGuid = {85E1AD19-A25E-4AF6-A245-C458EABD31ED}
	EndGlobalSection
EndGlobal
