
Microsoft Visual Studio Solution File, Format Version 12.00
# Visual Studio Version 16
VisualStudioVersion = 16.0.29521.150
MinimumVisualStudioVersion = 10.0.40219.1
Project("{9A19103F-16F7-4668-BE54-9A1E7A4F7556}") = "P03_StudentSystem", "P03_StudentSystem.csproj", "{B6FF7C21-9563-427B-BB41-7549C86AAA6B}"
EndProject
Global
	GlobalSection(SolutionConfigurationPlatforms) = preSolution
		Debug|Any CPU = Debug|Any CPU
		Release|Any CPU = Release|Any CPU
	EndGlobalSection
	GlobalSection(ProjectConfigurationPlatforms) = postSolution
		{B6FF7C21-9563-427B-BB41-7549C86AAA6B}.Debug|Any CPU.ActiveCfg = Debug|Any CPU
		{B6FF7C21-9563-427B-BB41-7549C86AAA6B}.Debug|Any CPU.Build.0 = Debug|Any CPU
		{B6FF7C21-9563-427B-BB41-7549C86AAA6B}.Release|Any CPU.ActiveCfg = Release|Any CPU
		{B6FF7C21-9563-427B-BB41-7549C86AAA6B}.Release|Any CPU.Build.0 = Release|Any CPU
	EndGlobalSection
	GlobalSection(SolutionProperties) = preSolution
		HideSolutionNode = FALSE
	EndGlobalSection
	GlobalSection(ExtensibilityGlobals) = postSolution
		SolutionGuid = {14E74528-7C5B-4A40-89CB-D46115965A17}
	EndGlobalSection
EndGlobal
