
Microsoft Visual Studio Solution File, Format Version 12.00
# Visual Studio Version 16
VisualStudioVersion = 16.0.29209.152
MinimumVisualStudioVersion = 10.0.40219.1
Project("{FAE04EC0-301F-11D3-BF4B-00C04F79EFBC}") = "01.SingleInheritance", "01.SingleInheritance\01.SingleInheritance.csproj", "{B4D1A105-E539-4FF7-A352-0BF6A6487563}"
EndProject
Project("{FAE04EC0-301F-11D3-BF4B-00C04F79EFBC}") = "02.MultipleInheritance", "02.MultipleInheritance\02.MultipleInheritance.csproj", "{0A914122-1590-4375-97B3-E074B05CE903}"
EndProject
Project("{FAE04EC0-301F-11D3-BF4B-00C04F79EFBC}") = "03.HierarchicalInheritance", "03.HierarchicalInheritance\03.HierarchicalInheritance.csproj", "{9CF4FCEB-CE87-424F-87C3-062226A21385}"
EndProject
Project("{FAE04EC0-301F-11D3-BF4B-00C04F79EFBC}") = "04.RandomList", "04.RandomList\04.RandomList.csproj", "{B6090D27-BA64-432E-9F7B-049690CE1151}"
EndProject
Project("{FAE04EC0-301F-11D3-BF4B-00C04F79EFBC}") = "05.StackStrings", "05.StackStrings\05.StackStrings.csproj", "{1BEDBF0C-9B02-48C0-AF97-F347312A1E01}"
EndProject
Global
	GlobalSection(SolutionConfigurationPlatforms) = preSolution
		Debug|Any CPU = Debug|Any CPU
		Release|Any CPU = Release|Any CPU
	EndGlobalSection
	GlobalSection(ProjectConfigurationPlatforms) = postSolution
		{B4D1A105-E539-4FF7-A352-0BF6A6487563}.Debug|Any CPU.ActiveCfg = Debug|Any CPU
		{B4D1A105-E539-4FF7-A352-0BF6A6487563}.Debug|Any CPU.Build.0 = Debug|Any CPU
		{B4D1A105-E539-4FF7-A352-0BF6A6487563}.Release|Any CPU.ActiveCfg = Release|Any CPU
		{B4D1A105-E539-4FF7-A352-0BF6A6487563}.Release|Any CPU.Build.0 = Release|Any CPU
		{0A914122-1590-4375-97B3-E074B05CE903}.Debug|Any CPU.ActiveCfg = Debug|Any CPU
		{0A914122-1590-4375-97B3-E074B05CE903}.Debug|Any CPU.Build.0 = Debug|Any CPU
		{0A914122-1590-4375-97B3-E074B05CE903}.Release|Any CPU.ActiveCfg = Release|Any CPU
		{0A914122-1590-4375-97B3-E074B05CE903}.Release|Any CPU.Build.0 = Release|Any CPU
		{9CF4FCEB-CE87-424F-87C3-062226A21385}.Debug|Any CPU.ActiveCfg = Debug|Any CPU
		{9CF4FCEB-CE87-424F-87C3-062226A21385}.Debug|Any CPU.Build.0 = Debug|Any CPU
		{9CF4FCEB-CE87-424F-87C3-062226A21385}.Release|Any CPU.ActiveCfg = Release|Any CPU
		{9CF4FCEB-CE87-424F-87C3-062226A21385}.Release|Any CPU.Build.0 = Release|Any CPU
		{B6090D27-BA64-432E-9F7B-049690CE1151}.Debug|Any CPU.ActiveCfg = Debug|Any CPU
		{B6090D27-BA64-432E-9F7B-049690CE1151}.Debug|Any CPU.Build.0 = Debug|Any CPU
		{B6090D27-BA64-432E-9F7B-049690CE1151}.Release|Any CPU.ActiveCfg = Release|Any CPU
		{B6090D27-BA64-432E-9F7B-049690CE1151}.Release|Any CPU.Build.0 = Release|Any CPU
		{1BEDBF0C-9B02-48C0-AF97-F347312A1E01}.Debug|Any CPU.ActiveCfg = Debug|Any CPU
		{1BEDBF0C-9B02-48C0-AF97-F347312A1E01}.Debug|Any CPU.Build.0 = Debug|Any CPU
		{1BEDBF0C-9B02-48C0-AF97-F347312A1E01}.Release|Any CPU.ActiveCfg = Release|Any CPU
		{1BEDBF0C-9B02-48C0-AF97-F347312A1E01}.Release|Any CPU.Build.0 = Release|Any CPU
	EndGlobalSection
	GlobalSection(SolutionProperties) = preSolution
		HideSolutionNode = FALSE
	EndGlobalSection
	GlobalSection(ExtensibilityGlobals) = postSolution
		SolutionGuid = {E8319FF2-6D8F-4E07-9BE4-396FD36953F2}
	EndGlobalSection
EndGlobal
