
Microsoft Visual Studio Solution File, Format Version 12.00
# Visual Studio Version 16
VisualStudioVersion = 16.0.29521.150
MinimumVisualStudioVersion = 10.0.40219.1
Project("{FAE04EC0-301F-11D3-BF4B-00C04F79EFBC}") = "Hotel", "Hotel\Hotel.csproj", "{FEC1EA4C-1E5E-4EF2-88E3-714206B864EB}"
EndProject
Global
	GlobalSection(SolutionConfigurationPlatforms) = preSolution
		Debug|Any CPU = Debug|Any CPU
		Release|Any CPU = Release|Any CPU
	EndGlobalSection
	GlobalSection(ProjectConfigurationPlatforms) = postSolution
		{FEC1EA4C-1E5E-4EF2-88E3-714206B864EB}.Debug|Any CPU.ActiveCfg = Debug|Any CPU
		{FEC1EA4C-1E5E-4EF2-88E3-714206B864EB}.Debug|Any CPU.Build.0 = Debug|Any CPU
		{FEC1EA4C-1E5E-4EF2-88E3-714206B864EB}.Release|Any CPU.ActiveCfg = Release|Any CPU
		{FEC1EA4C-1E5E-4EF2-88E3-714206B864EB}.Release|Any CPU.Build.0 = Release|Any CPU
	EndGlobalSection
	GlobalSection(SolutionProperties) = preSolution
		HideSolutionNode = FALSE
	EndGlobalSection
	GlobalSection(ExtensibilityGlobals) = postSolution
		SolutionGuid = {DEA111B9-7D52-415E-B3EC-9A9C341A52DB}
	EndGlobalSection
EndGlobal
