
Microsoft Visual Studio Solution File, Format Version 12.00
# Visual Studio Version 16
VisualStudioVersion = 16.0.29111.141
MinimumVisualStudioVersion = 10.0.40219.1
Project("{FAE04EC0-301F-11D3-BF4B-00C04F79EFBC}") = "01. The Isle of Man TT Race", "01. The Isle of Man TT Race\01. The Isle of Man TT Race.csproj", "{E72B9EF1-84B4-417B-9DDC-BDE04534DAFF}"
EndProject
Project("{FAE04EC0-301F-11D3-BF4B-00C04F79EFBC}") = "02. Practice Sessions", "02. Practice Sessions\02. Practice Sessions.csproj", "{B3F7062E-F1D7-43C8-98D8-63C9EB73E54A}"
EndProject
Global
	GlobalSection(SolutionConfigurationPlatforms) = preSolution
		Debug|Any CPU = Debug|Any CPU
		Release|Any CPU = Release|Any CPU
	EndGlobalSection
	GlobalSection(ProjectConfigurationPlatforms) = postSolution
		{E72B9EF1-84B4-417B-9DDC-BDE04534DAFF}.Debug|Any CPU.ActiveCfg = Debug|Any CPU
		{E72B9EF1-84B4-417B-9DDC-BDE04534DAFF}.Debug|Any CPU.Build.0 = Debug|Any CPU
		{E72B9EF1-84B4-417B-9DDC-BDE04534DAFF}.Release|Any CPU.ActiveCfg = Release|Any CPU
		{E72B9EF1-84B4-417B-9DDC-BDE04534DAFF}.Release|Any CPU.Build.0 = Release|Any CPU
		{B3F7062E-F1D7-43C8-98D8-63C9EB73E54A}.Debug|Any CPU.ActiveCfg = Debug|Any CPU
		{B3F7062E-F1D7-43C8-98D8-63C9EB73E54A}.Debug|Any CPU.Build.0 = Debug|Any CPU
		{B3F7062E-F1D7-43C8-98D8-63C9EB73E54A}.Release|Any CPU.ActiveCfg = Release|Any CPU
		{B3F7062E-F1D7-43C8-98D8-63C9EB73E54A}.Release|Any CPU.Build.0 = Release|Any CPU
	EndGlobalSection
	GlobalSection(SolutionProperties) = preSolution
		HideSolutionNode = FALSE
	EndGlobalSection
	GlobalSection(ExtensibilityGlobals) = postSolution
		SolutionGuid = {24499102-2BDC-4031-A066-87A1784A916C}
	EndGlobalSection
EndGlobal
