
Microsoft Visual Studio Solution File, Format Version 12.00
# Visual Studio Version 16
VisualStudioVersion = 16.0.28729.10
MinimumVisualStudioVersion = 10.0.40219.1
Project("{9A19103F-16F7-4668-BE54-9A1E7A4F7556}") = "01. Dictionary", "01. Dictionary\01. Dictionary.csproj", "{B420699B-E4EB-43DA-A19B-9FB5EE39691D}"
EndProject
Project("{FAE04EC0-301F-11D3-BF4B-00C04F79EFBC}") = "02. Deciphering", "02. Deciphering\02. Deciphering.csproj", "{14F27044-3928-4E7A-B60C-3B28A7F579D3}"
EndProject
Global
	GlobalSection(SolutionConfigurationPlatforms) = preSolution
		Debug|Any CPU = Debug|Any CPU
		Release|Any CPU = Release|Any CPU
	EndGlobalSection
	GlobalSection(ProjectConfigurationPlatforms) = postSolution
		{B420699B-E4EB-43DA-A19B-9FB5EE39691D}.Debug|Any CPU.ActiveCfg = Debug|Any CPU
		{B420699B-E4EB-43DA-A19B-9FB5EE39691D}.Debug|Any CPU.Build.0 = Debug|Any CPU
		{B420699B-E4EB-43DA-A19B-9FB5EE39691D}.Release|Any CPU.ActiveCfg = Release|Any CPU
		{B420699B-E4EB-43DA-A19B-9FB5EE39691D}.Release|Any CPU.Build.0 = Release|Any CPU
		{14F27044-3928-4E7A-B60C-3B28A7F579D3}.Debug|Any CPU.ActiveCfg = Debug|Any CPU
		{14F27044-3928-4E7A-B60C-3B28A7F579D3}.Debug|Any CPU.Build.0 = Debug|Any CPU
		{14F27044-3928-4E7A-B60C-3B28A7F579D3}.Release|Any CPU.ActiveCfg = Release|Any CPU
		{14F27044-3928-4E7A-B60C-3B28A7F579D3}.Release|Any CPU.Build.0 = Release|Any CPU
	EndGlobalSection
	GlobalSection(SolutionProperties) = preSolution
		HideSolutionNode = FALSE
	EndGlobalSection
	GlobalSection(ExtensibilityGlobals) = postSolution
		SolutionGuid = {A71F1849-82FC-4978-B88E-3E2AC4BF89B9}
	EndGlobalSection
EndGlobal
