
Microsoft Visual Studio Solution File, Format Version 12.00
# Visual Studio Version 16
VisualStudioVersion = 16.0.29006.145
MinimumVisualStudioVersion = 10.0.40219.1
Project("{FAE04EC0-301F-11D3-BF4B-00C04F79EFBC}") = "01. Easter Cozonacs", "01. Easter Cozonacs\01. Easter Cozonacs.csproj", "{40BA5336-3847-48A6-9E40-8872FEFC1228}"
EndProject
Project("{FAE04EC0-301F-11D3-BF4B-00C04F79EFBC}") = "02. Easter Gifts", "02. Easter Gifts\02. Easter Gifts.csproj", "{AB88423B-2E3E-4000-9462-201E4FA915C6}"
EndProject
Project("{FAE04EC0-301F-11D3-BF4B-00C04F79EFBC}") = "03. Easter Shopping", "03. Easter Shopping\03. Easter Shopping.csproj", "{A75CA568-2A63-45F4-8356-33B573273399}"
EndProject
Global
	GlobalSection(SolutionConfigurationPlatforms) = preSolution
		Debug|Any CPU = Debug|Any CPU
		Release|Any CPU = Release|Any CPU
	EndGlobalSection
	GlobalSection(ProjectConfigurationPlatforms) = postSolution
		{40BA5336-3847-48A6-9E40-8872FEFC1228}.Debug|Any CPU.ActiveCfg = Debug|Any CPU
		{40BA5336-3847-48A6-9E40-8872FEFC1228}.Debug|Any CPU.Build.0 = Debug|Any CPU
		{40BA5336-3847-48A6-9E40-8872FEFC1228}.Release|Any CPU.ActiveCfg = Release|Any CPU
		{40BA5336-3847-48A6-9E40-8872FEFC1228}.Release|Any CPU.Build.0 = Release|Any CPU
		{AB88423B-2E3E-4000-9462-201E4FA915C6}.Debug|Any CPU.ActiveCfg = Debug|Any CPU
		{AB88423B-2E3E-4000-9462-201E4FA915C6}.Debug|Any CPU.Build.0 = Debug|Any CPU
		{AB88423B-2E3E-4000-9462-201E4FA915C6}.Release|Any CPU.ActiveCfg = Release|Any CPU
		{AB88423B-2E3E-4000-9462-201E4FA915C6}.Release|Any CPU.Build.0 = Release|Any CPU
		{A75CA568-2A63-45F4-8356-33B573273399}.Debug|Any CPU.ActiveCfg = Debug|Any CPU
		{A75CA568-2A63-45F4-8356-33B573273399}.Debug|Any CPU.Build.0 = Debug|Any CPU
		{A75CA568-2A63-45F4-8356-33B573273399}.Release|Any CPU.ActiveCfg = Release|Any CPU
		{A75CA568-2A63-45F4-8356-33B573273399}.Release|Any CPU.Build.0 = Release|Any CPU
	EndGlobalSection
	GlobalSection(SolutionProperties) = preSolution
		HideSolutionNode = FALSE
	EndGlobalSection
	GlobalSection(ExtensibilityGlobals) = postSolution
		SolutionGuid = {94F077E8-1BE6-4330-81A6-8533EC76380E}
	EndGlobalSection
EndGlobal
