
Microsoft Visual Studio Solution File, Format Version 12.00
# Visual Studio 15
VisualStudioVersion = 15.0.28307.421
MinimumVisualStudioVersion = 10.0.40219.1
Project("{9A19103F-16F7-4668-BE54-9A1E7A4F7556}") = "1_StudentInformation", "1_StudentInformation\1_StudentInformation.csproj", "{B32A283B-1FCA-4697-AAE4-A5F2C6E6E615}"
EndProject
Project("{9A19103F-16F7-4668-BE54-9A1E7A4F7556}") = "2.Passed", "2.Passed\2.Passed.csproj", "{C6C3FF47-84BD-4695-A06F-DE46B51E86DE}"
EndProject
Project("{9A19103F-16F7-4668-BE54-9A1E7A4F7556}") = "3. PassedorFailed", "3. PassedorFailed\3. PassedorFailed.csproj", "{0F0BE53B-6574-4071-AA77-4C2AEEF0894D}"
EndProject
Project("{9A19103F-16F7-4668-BE54-9A1E7A4F7556}") = "4.Backin30Minutes", "4.Backin30Minutes\4.Backin30Minutes.csproj", "{F7178AB9-CC6A-4A15-B374-5432889CB3A0}"
EndProject
Project("{FAE04EC0-301F-11D3-BF4B-00C04F79EFBC}") = "5. MonthPrinter", "5. MonthPrinter\5. MonthPrinter.csproj", "{273D0FD7-9A52-4983-BFB4-ACD49CEF33E6}"
EndProject
Project("{FAE04EC0-301F-11D3-BF4B-00C04F79EFBC}") = "6. ForeignLanguages", "6. ForeignLanguages\6. ForeignLanguages.csproj", "{502431BC-51A9-4C1B-97F8-E93E8F60CBD4}"
EndProject
Project("{FAE04EC0-301F-11D3-BF4B-00C04F79EFBC}") = "7. TheatrePromotions", "7. TheatrePromotions\7. TheatrePromotions.csproj", "{FCDBFDA5-FCFF-4E51-800E-2B66B1CA5324}"
EndProject
Project("{FAE04EC0-301F-11D3-BF4B-00C04F79EFBC}") = "8.Divisibleby3", "8.Divisibleby3\8.Divisibleby3.csproj", "{4E93AD9A-8546-44EF-B2E3-424B1345073E}"
EndProject
Project("{FAE04EC0-301F-11D3-BF4B-00C04F79EFBC}") = "9.SumofOddNumbers", "9.SumofOddNumbers\9.SumofOddNumbers.csproj", "{8374CCB4-5098-4641-9399-A4F7E10DDD20}"
EndProject
Project("{FAE04EC0-301F-11D3-BF4B-00C04F79EFBC}") = "10.MultiplicationTable", "10.MultiplicationTable\10.MultiplicationTable.csproj", "{10315C0F-C35B-48D9-A2CD-2F1FBC544FBC}"
EndProject
Project("{FAE04EC0-301F-11D3-BF4B-00C04F79EFBC}") = "11.MultiplicationTable2.0", "11.MultiplicationTable2.0\11.MultiplicationTable2.0.csproj", "{20C4A338-BAE7-4359-89D8-2B802323ECE0}"
EndProject
Project("{FAE04EC0-301F-11D3-BF4B-00C04F79EFBC}") = "12. EvenNumber", "12. EvenNumber\12. EvenNumber.csproj", "{E82A36B7-E9C2-4AC2-B88C-F815EBF31C6C}"
EndProject
Project("{FAE04EC0-301F-11D3-BF4B-00C04F79EFBC}") = "13.Holiday BetweenTwoDates", "13.Holiday BetweenTwoDates\13.Holiday BetweenTwoDates.csproj", "{0BE011D3-0760-42F1-A183-4FF60C2E1143}"
EndProject
Global
	GlobalSection(SolutionConfigurationPlatforms) = preSolution
		Debug|Any CPU = Debug|Any CPU
		Release|Any CPU = Release|Any CPU
	EndGlobalSection
	GlobalSection(ProjectConfigurationPlatforms) = postSolution
		{B32A283B-1FCA-4697-AAE4-A5F2C6E6E615}.Debug|Any CPU.ActiveCfg = Debug|Any CPU
		{B32A283B-1FCA-4697-AAE4-A5F2C6E6E615}.Debug|Any CPU.Build.0 = Debug|Any CPU
		{B32A283B-1FCA-4697-AAE4-A5F2C6E6E615}.Release|Any CPU.ActiveCfg = Release|Any CPU
		{B32A283B-1FCA-4697-AAE4-A5F2C6E6E615}.Release|Any CPU.Build.0 = Release|Any CPU
		{C6C3FF47-84BD-4695-A06F-DE46B51E86DE}.Debug|Any CPU.ActiveCfg = Debug|Any CPU
		{C6C3FF47-84BD-4695-A06F-DE46B51E86DE}.Debug|Any CPU.Build.0 = Debug|Any CPU
		{C6C3FF47-84BD-4695-A06F-DE46B51E86DE}.Release|Any CPU.ActiveCfg = Release|Any CPU
		{C6C3FF47-84BD-4695-A06F-DE46B51E86DE}.Release|Any CPU.Build.0 = Release|Any CPU
		{0F0BE53B-6574-4071-AA77-4C2AEEF0894D}.Debug|Any CPU.ActiveCfg = Debug|Any CPU
		{0F0BE53B-6574-4071-AA77-4C2AEEF0894D}.Debug|Any CPU.Build.0 = Debug|Any CPU
		{0F0BE53B-6574-4071-AA77-4C2AEEF0894D}.Release|Any CPU.ActiveCfg = Release|Any CPU
		{0F0BE53B-6574-4071-AA77-4C2AEEF0894D}.Release|Any CPU.Build.0 = Release|Any CPU
		{F7178AB9-CC6A-4A15-B374-5432889CB3A0}.Debug|Any CPU.ActiveCfg = Debug|Any CPU
		{F7178AB9-CC6A-4A15-B374-5432889CB3A0}.Debug|Any CPU.Build.0 = Debug|Any CPU
		{F7178AB9-CC6A-4A15-B374-5432889CB3A0}.Release|Any CPU.ActiveCfg = Release|Any CPU
		{F7178AB9-CC6A-4A15-B374-5432889CB3A0}.Release|Any CPU.Build.0 = Release|Any CPU
		{273D0FD7-9A52-4983-BFB4-ACD49CEF33E6}.Debug|Any CPU.ActiveCfg = Debug|Any CPU
		{273D0FD7-9A52-4983-BFB4-ACD49CEF33E6}.Debug|Any CPU.Build.0 = Debug|Any CPU
		{273D0FD7-9A52-4983-BFB4-ACD49CEF33E6}.Release|Any CPU.ActiveCfg = Release|Any CPU
		{273D0FD7-9A52-4983-BFB4-ACD49CEF33E6}.Release|Any CPU.Build.0 = Release|Any CPU
		{502431BC-51A9-4C1B-97F8-E93E8F60CBD4}.Debug|Any CPU.ActiveCfg = Debug|Any CPU
		{502431BC-51A9-4C1B-97F8-E93E8F60CBD4}.Debug|Any CPU.Build.0 = Debug|Any CPU
		{502431BC-51A9-4C1B-97F8-E93E8F60CBD4}.Release|Any CPU.ActiveCfg = Release|Any CPU
		{502431BC-51A9-4C1B-97F8-E93E8F60CBD4}.Release|Any CPU.Build.0 = Release|Any CPU
		{FCDBFDA5-FCFF-4E51-800E-2B66B1CA5324}.Debug|Any CPU.ActiveCfg = Debug|Any CPU
		{FCDBFDA5-FCFF-4E51-800E-2B66B1CA5324}.Debug|Any CPU.Build.0 = Debug|Any CPU
		{FCDBFDA5-FCFF-4E51-800E-2B66B1CA5324}.Release|Any CPU.ActiveCfg = Release|Any CPU
		{FCDBFDA5-FCFF-4E51-800E-2B66B1CA5324}.Release|Any CPU.Build.0 = Release|Any CPU
		{4E93AD9A-8546-44EF-B2E3-424B1345073E}.Debug|Any CPU.ActiveCfg = Debug|Any CPU
		{4E93AD9A-8546-44EF-B2E3-424B1345073E}.Debug|Any CPU.Build.0 = Debug|Any CPU
		{4E93AD9A-8546-44EF-B2E3-424B1345073E}.Release|Any CPU.ActiveCfg = Release|Any CPU
		{4E93AD9A-8546-44EF-B2E3-424B1345073E}.Release|Any CPU.Build.0 = Release|Any CPU
		{8374CCB4-5098-4641-9399-A4F7E10DDD20}.Debug|Any CPU.ActiveCfg = Debug|Any CPU
		{8374CCB4-5098-4641-9399-A4F7E10DDD20}.Debug|Any CPU.Build.0 = Debug|Any CPU
		{8374CCB4-5098-4641-9399-A4F7E10DDD20}.Release|Any CPU.ActiveCfg = Release|Any CPU
		{8374CCB4-5098-4641-9399-A4F7E10DDD20}.Release|Any CPU.Build.0 = Release|Any CPU
		{10315C0F-C35B-48D9-A2CD-2F1FBC544FBC}.Debug|Any CPU.ActiveCfg = Debug|Any CPU
		{10315C0F-C35B-48D9-A2CD-2F1FBC544FBC}.Debug|Any CPU.Build.0 = Debug|Any CPU
		{10315C0F-C35B-48D9-A2CD-2F1FBC544FBC}.Release|Any CPU.ActiveCfg = Release|Any CPU
		{10315C0F-C35B-48D9-A2CD-2F1FBC544FBC}.Release|Any CPU.Build.0 = Release|Any CPU
		{20C4A338-BAE7-4359-89D8-2B802323ECE0}.Debug|Any CPU.ActiveCfg = Debug|Any CPU
		{20C4A338-BAE7-4359-89D8-2B802323ECE0}.Debug|Any CPU.Build.0 = Debug|Any CPU
		{20C4A338-BAE7-4359-89D8-2B802323ECE0}.Release|Any CPU.ActiveCfg = Release|Any CPU
		{20C4A338-BAE7-4359-89D8-2B802323ECE0}.Release|Any CPU.Build.0 = Release|Any CPU
		{E82A36B7-E9C2-4AC2-B88C-F815EBF31C6C}.Debug|Any CPU.ActiveCfg = Debug|Any CPU
		{E82A36B7-E9C2-4AC2-B88C-F815EBF31C6C}.Debug|Any CPU.Build.0 = Debug|Any CPU
		{E82A36B7-E9C2-4AC2-B88C-F815EBF31C6C}.Release|Any CPU.ActiveCfg = Release|Any CPU
		{E82A36B7-E9C2-4AC2-B88C-F815EBF31C6C}.Release|Any CPU.Build.0 = Release|Any CPU
		{0BE011D3-0760-42F1-A183-4FF60C2E1143}.Debug|Any CPU.ActiveCfg = Debug|Any CPU
		{0BE011D3-0760-42F1-A183-4FF60C2E1143}.Debug|Any CPU.Build.0 = Debug|Any CPU
		{0BE011D3-0760-42F1-A183-4FF60C2E1143}.Release|Any CPU.ActiveCfg = Release|Any CPU
		{0BE011D3-0760-42F1-A183-4FF60C2E1143}.Release|Any CPU.Build.0 = Release|Any CPU
	EndGlobalSection
	GlobalSection(SolutionProperties) = preSolution
		HideSolutionNode = FALSE
	EndGlobalSection
	GlobalSection(ExtensibilityGlobals) = postSolution
		SolutionGuid = {518253AA-A1BD-4EC5-975C-7C9B43D78029}
	EndGlobalSection
EndGlobal
