
Microsoft Visual Studio Solution File, Format Version 12.00
# Visual Studio Version 16
VisualStudioVersion = 16.0.29123.89
MinimumVisualStudioVersion = 10.0.40219.1
Project("{9A19103F-16F7-4668-BE54-9A1E7A4F7556}") = "01. Black Flag", "01. Black Flag\01. Black Flag.csproj", "{3FF31A2F-EA95-44EE-A926-3F5CBAE741E8}"
EndProject
Project("{FAE04EC0-301F-11D3-BF4B-00C04F79EFBC}") = "02. Treasure Hunt", "02. Treasure Hunt\02. Treasure Hunt.csproj", "{31C9A353-20CA-4293-9AC9-E2F161CC94FF}"
EndProject
Project("{FAE04EC0-301F-11D3-BF4B-00C04F79EFBC}") = "03. Man O War", "03. Man O War\03. Man O War.csproj", "{5DE78746-7D02-4D44-A9C2-5A7D25E0E3F2}"
EndProject
Global
	GlobalSection(SolutionConfigurationPlatforms) = preSolution
		Debug|Any CPU = Debug|Any CPU
		Release|Any CPU = Release|Any CPU
	EndGlobalSection
	GlobalSection(ProjectConfigurationPlatforms) = postSolution
		{3FF31A2F-EA95-44EE-A926-3F5CBAE741E8}.Debug|Any CPU.ActiveCfg = Debug|Any CPU
		{3FF31A2F-EA95-44EE-A926-3F5CBAE741E8}.Debug|Any CPU.Build.0 = Debug|Any CPU
		{3FF31A2F-EA95-44EE-A926-3F5CBAE741E8}.Release|Any CPU.ActiveCfg = Release|Any CPU
		{3FF31A2F-EA95-44EE-A926-3F5CBAE741E8}.Release|Any CPU.Build.0 = Release|Any CPU
		{31C9A353-20CA-4293-9AC9-E2F161CC94FF}.Debug|Any CPU.ActiveCfg = Debug|Any CPU
		{31C9A353-20CA-4293-9AC9-E2F161CC94FF}.Debug|Any CPU.Build.0 = Debug|Any CPU
		{31C9A353-20CA-4293-9AC9-E2F161CC94FF}.Release|Any CPU.ActiveCfg = Release|Any CPU
		{31C9A353-20CA-4293-9AC9-E2F161CC94FF}.Release|Any CPU.Build.0 = Release|Any CPU
		{5DE78746-7D02-4D44-A9C2-5A7D25E0E3F2}.Debug|Any CPU.ActiveCfg = Debug|Any CPU
		{5DE78746-7D02-4D44-A9C2-5A7D25E0E3F2}.Debug|Any CPU.Build.0 = Debug|Any CPU
		{5DE78746-7D02-4D44-A9C2-5A7D25E0E3F2}.Release|Any CPU.ActiveCfg = Release|Any CPU
		{5DE78746-7D02-4D44-A9C2-5A7D25E0E3F2}.Release|Any CPU.Build.0 = Release|Any CPU
	EndGlobalSection
	GlobalSection(SolutionProperties) = preSolution
		HideSolutionNode = FALSE
	EndGlobalSection
	GlobalSection(ExtensibilityGlobals) = postSolution
		SolutionGuid = {F498EF29-F73C-421A-8FBD-D53055D02F4C}
	EndGlobalSection
EndGlobal
