
Microsoft Visual Studio Solution File, Format Version 12.00
# Visual Studio Version 16
VisualStudioVersion = 16.0.29123.89
MinimumVisualStudioVersion = 10.0.40219.1
Project("{FAE04EC0-301F-11D3-BF4B-00C04F79EFBC}") = "01. Username", "01. Username\01. Username.csproj", "{C46FD167-3BD8-44B9-B1C1-D52557ADFBA6}"
EndProject
Project("{FAE04EC0-301F-11D3-BF4B-00C04F79EFBC}") = "02. Password", "02. Password\02. Password.csproj", "{6CCC9512-D202-497F-B031-B67A1AAC1E9C}"
EndProject
Project("{FAE04EC0-301F-11D3-BF4B-00C04F79EFBC}") = "03. Followers", "03. Followers\03. Followers.csproj", "{BAC9DC73-49BE-4470-8D69-B414DEE38600}"
EndProject
Global
	GlobalSection(SolutionConfigurationPlatforms) = preSolution
		Debug|Any CPU = Debug|Any CPU
		Release|Any CPU = Release|Any CPU
	EndGlobalSection
	GlobalSection(ProjectConfigurationPlatforms) = postSolution
		{C46FD167-3BD8-44B9-B1C1-D52557ADFBA6}.Debug|Any CPU.ActiveCfg = Debug|Any CPU
		{C46FD167-3BD8-44B9-B1C1-D52557ADFBA6}.Debug|Any CPU.Build.0 = Debug|Any CPU
		{C46FD167-3BD8-44B9-B1C1-D52557ADFBA6}.Release|Any CPU.ActiveCfg = Release|Any CPU
		{C46FD167-3BD8-44B9-B1C1-D52557ADFBA6}.Release|Any CPU.Build.0 = Release|Any CPU
		{6CCC9512-D202-497F-B031-B67A1AAC1E9C}.Debug|Any CPU.ActiveCfg = Debug|Any CPU
		{6CCC9512-D202-497F-B031-B67A1AAC1E9C}.Debug|Any CPU.Build.0 = Debug|Any CPU
		{6CCC9512-D202-497F-B031-B67A1AAC1E9C}.Release|Any CPU.ActiveCfg = Release|Any CPU
		{6CCC9512-D202-497F-B031-B67A1AAC1E9C}.Release|Any CPU.Build.0 = Release|Any CPU
		{BAC9DC73-49BE-4470-8D69-B414DEE38600}.Debug|Any CPU.ActiveCfg = Debug|Any CPU
		{BAC9DC73-49BE-4470-8D69-B414DEE38600}.Debug|Any CPU.Build.0 = Debug|Any CPU
		{BAC9DC73-49BE-4470-8D69-B414DEE38600}.Release|Any CPU.ActiveCfg = Release|Any CPU
		{BAC9DC73-49BE-4470-8D69-B414DEE38600}.Release|Any CPU.Build.0 = Release|Any CPU
	EndGlobalSection
	GlobalSection(SolutionProperties) = preSolution
		HideSolutionNode = FALSE
	EndGlobalSection
	GlobalSection(ExtensibilityGlobals) = postSolution
		SolutionGuid = {FE8DE1C6-E482-4D7B-BF4A-55D4880BDB07}
	EndGlobalSection
EndGlobal
