
Microsoft Visual Studio Solution File, Format Version 12.00
# Visual Studio 15
VisualStudioVersion = 15.0.27004.2009
MinimumVisualStudioVersion = 10.0.40219.1
Project("{FAE04EC0-301F-11D3-BF4B-00C04F79EFBC}") = "FixingVol2", "FixingVol2\FixingVol2.csproj", "{5F88A169-1ED1-4228-AF22-5EB134280343}"
EndProject
Project("{FAE04EC0-301F-11D3-BF4B-00C04F79EFBC}") = "ConvertToDouble", "ConvertToDouble\ConvertToDouble.csproj", "{D45BDFF0-DEA4-41EC-A53D-A7F439C2F583}"
EndProject
Project("{FAE04EC0-301F-11D3-BF4B-00C04F79EFBC}") = "ValidPerson", "ValidPerson\ValidPerson.csproj", "{7BFE5C30-7962-4126-B1BE-29BF64F4ADFD}"
EndProject
Project("{FAE04EC0-301F-11D3-BF4B-00C04F79EFBC}") = "SoftUniTimer", "SoftUniTimer\SoftUniTimer.csproj", "{9EC66B6E-8211-427E-93C8-7AAB7A650155}"
EndProject
Project("{FAE04EC0-301F-11D3-BF4B-00C04F79EFBC}") = "SoftUniTimer.App", "SoftUniTimer.App\SoftUniTimer.App.csproj", "{EF9CEC25-F3B6-453C-BFE7-3B8D8D987173}"
EndProject
Global
	GlobalSection(SolutionConfigurationPlatforms) = preSolution
		Debug|Any CPU = Debug|Any CPU
		Release|Any CPU = Release|Any CPU
	EndGlobalSection
	GlobalSection(ProjectConfigurationPlatforms) = postSolution
		{5F88A169-1ED1-4228-AF22-5EB134280343}.Debug|Any CPU.ActiveCfg = Debug|Any CPU
		{5F88A169-1ED1-4228-AF22-5EB134280343}.Debug|Any CPU.Build.0 = Debug|Any CPU
		{5F88A169-1ED1-4228-AF22-5EB134280343}.Release|Any CPU.ActiveCfg = Release|Any CPU
		{5F88A169-1ED1-4228-AF22-5EB134280343}.Release|Any CPU.Build.0 = Release|Any CPU
		{D45BDFF0-DEA4-41EC-A53D-A7F439C2F583}.Debug|Any CPU.ActiveCfg = Debug|Any CPU
		{D45BDFF0-DEA4-41EC-A53D-A7F439C2F583}.Debug|Any CPU.Build.0 = Debug|Any CPU
		{D45BDFF0-DEA4-41EC-A53D-A7F439C2F583}.Release|Any CPU.ActiveCfg = Release|Any CPU
		{D45BDFF0-DEA4-41EC-A53D-A7F439C2F583}.Release|Any CPU.Build.0 = Release|Any CPU
		{7BFE5C30-7962-4126-B1BE-29BF64F4ADFD}.Debug|Any CPU.ActiveCfg = Debug|Any CPU
		{7BFE5C30-7962-4126-B1BE-29BF64F4ADFD}.Debug|Any CPU.Build.0 = Debug|Any CPU
		{7BFE5C30-7962-4126-B1BE-29BF64F4ADFD}.Release|Any CPU.ActiveCfg = Release|Any CPU
		{7BFE5C30-7962-4126-B1BE-29BF64F4ADFD}.Release|Any CPU.Build.0 = Release|Any CPU
		{9EC66B6E-8211-427E-93C8-7AAB7A650155}.Debug|Any CPU.ActiveCfg = Debug|Any CPU
		{9EC66B6E-8211-427E-93C8-7AAB7A650155}.Debug|Any CPU.Build.0 = Debug|Any CPU
		{9EC66B6E-8211-427E-93C8-7AAB7A650155}.Release|Any CPU.ActiveCfg = Release|Any CPU
		{9EC66B6E-8211-427E-93C8-7AAB7A650155}.Release|Any CPU.Build.0 = Release|Any CPU
		{EF9CEC25-F3B6-453C-BFE7-3B8D8D987173}.Debug|Any CPU.ActiveCfg = Debug|Any CPU
		{EF9CEC25-F3B6-453C-BFE7-3B8D8D987173}.Debug|Any CPU.Build.0 = Debug|Any CPU
		{EF9CEC25-F3B6-453C-BFE7-3B8D8D987173}.Release|Any CPU.ActiveCfg = Release|Any CPU
		{EF9CEC25-F3B6-453C-BFE7-3B8D8D987173}.Release|Any CPU.Build.0 = Release|Any CPU
	EndGlobalSection
	GlobalSection(SolutionProperties) = preSolution
		HideSolutionNode = FALSE
	EndGlobalSection
	GlobalSection(ExtensibilityGlobals) = postSolution
		SolutionGuid = {D626F1BB-F1D6-48FF-BAC1-1A57B6F61A43}
	EndGlobalSection
EndGlobal
