
Microsoft Visual Studio Solution File, Format Version 12.00
# Visual Studio Version 16
VisualStudioVersion = 16.0.29006.145
MinimumVisualStudioVersion = 10.0.40219.1
Project("{FAE04EC0-301F-11D3-BF4B-00C04F79EFBC}") = "01. The Hunting Games", "01. The Hunting Games\01. The Hunting Games.csproj", "{4EF2711A-F68F-480E-A9EA-FBB8498D4665}"
EndProject
Project("{FAE04EC0-301F-11D3-BF4B-00C04F79EFBC}") = "02. Seize the Fire", "02. Seize the Fire\02. Seize the Fire.csproj", "{8ED21C09-EEDF-4906-B567-F357A5662C81}"
EndProject
Project("{FAE04EC0-301F-11D3-BF4B-00C04F79EFBC}") = "03. The Final Quest", "03. The Final Quest\03. The Final Quest.csproj", "{84A01F80-65DF-4D10-8BFC-C2DE47564288}"
EndProject
Global
	GlobalSection(SolutionConfigurationPlatforms) = preSolution
		Debug|Any CPU = Debug|Any CPU
		Release|Any CPU = Release|Any CPU
	EndGlobalSection
	GlobalSection(ProjectConfigurationPlatforms) = postSolution
		{4EF2711A-F68F-480E-A9EA-FBB8498D4665}.Debug|Any CPU.ActiveCfg = Debug|Any CPU
		{4EF2711A-F68F-480E-A9EA-FBB8498D4665}.Debug|Any CPU.Build.0 = Debug|Any CPU
		{4EF2711A-F68F-480E-A9EA-FBB8498D4665}.Release|Any CPU.ActiveCfg = Release|Any CPU
		{4EF2711A-F68F-480E-A9EA-FBB8498D4665}.Release|Any CPU.Build.0 = Release|Any CPU
		{8ED21C09-EEDF-4906-B567-F357A5662C81}.Debug|Any CPU.ActiveCfg = Debug|Any CPU
		{8ED21C09-EEDF-4906-B567-F357A5662C81}.Debug|Any CPU.Build.0 = Debug|Any CPU
		{8ED21C09-EEDF-4906-B567-F357A5662C81}.Release|Any CPU.ActiveCfg = Release|Any CPU
		{8ED21C09-EEDF-4906-B567-F357A5662C81}.Release|Any CPU.Build.0 = Release|Any CPU
		{84A01F80-65DF-4D10-8BFC-C2DE47564288}.Debug|Any CPU.ActiveCfg = Debug|Any CPU
		{84A01F80-65DF-4D10-8BFC-C2DE47564288}.Debug|Any CPU.Build.0 = Debug|Any CPU
		{84A01F80-65DF-4D10-8BFC-C2DE47564288}.Release|Any CPU.ActiveCfg = Release|Any CPU
		{84A01F80-65DF-4D10-8BFC-C2DE47564288}.Release|Any CPU.Build.0 = Release|Any CPU
	EndGlobalSection
	GlobalSection(SolutionProperties) = preSolution
		HideSolutionNode = FALSE
	EndGlobalSection
	GlobalSection(ExtensibilityGlobals) = postSolution
		SolutionGuid = {435BF090-F640-4673-9E2E-0ACAACEA930A}
	EndGlobalSection
EndGlobal
