
Microsoft Visual Studio Solution File, Format Version 12.00
# Visual Studio 15
VisualStudioVersion = 15.0.28307.421
MinimumVisualStudioVersion = 10.0.40219.1
Project("{9A19103F-16F7-4668-BE54-9A1E7A4F7556}") = "01. Messaging", "01. Messaging\01. Messaging.csproj", "{97F599CF-F10F-46AF-91C7-D31CCC0FAFF0}"
EndProject
Project("{9A19103F-16F7-4668-BE54-9A1E7A4F7556}") = "02. Car Race", "02. Car Race\02. Car Race.csproj", "{7FF69442-B896-4E1F-A330-CC2F6DFFC9E0}"
EndProject
Project("{FAE04EC0-301F-11D3-BF4B-00C04F79EFBC}") = "03. Take_Skip Rope", "03. Take_Skip Rope\03. Take_Skip Rope.csproj", "{2516925D-786A-4DCD-BB7B-0CA6D4842742}"
EndProject
Project("{FAE04EC0-301F-11D3-BF4B-00C04F79EFBC}") = "04. Mixed up Lists", "04. Mixed up Lists\04. Mixed up Lists.csproj", "{E0750993-0B53-4B23-8DBE-AF50AF8A7BF5}"
EndProject
Project("{FAE04EC0-301F-11D3-BF4B-00C04F79EFBC}") = "05. Drum Set", "05. Drum Set\05. Drum Set.csproj", "{50AD2D45-949C-40FD-8FBE-10F11225828A}"
EndProject
Global
	GlobalSection(SolutionConfigurationPlatforms) = preSolution
		Debug|Any CPU = Debug|Any CPU
		Release|Any CPU = Release|Any CPU
	EndGlobalSection
	GlobalSection(ProjectConfigurationPlatforms) = postSolution
		{97F599CF-F10F-46AF-91C7-D31CCC0FAFF0}.Debug|Any CPU.ActiveCfg = Debug|Any CPU
		{97F599CF-F10F-46AF-91C7-D31CCC0FAFF0}.Debug|Any CPU.Build.0 = Debug|Any CPU
		{97F599CF-F10F-46AF-91C7-D31CCC0FAFF0}.Release|Any CPU.ActiveCfg = Release|Any CPU
		{97F599CF-F10F-46AF-91C7-D31CCC0FAFF0}.Release|Any CPU.Build.0 = Release|Any CPU
		{7FF69442-B896-4E1F-A330-CC2F6DFFC9E0}.Debug|Any CPU.ActiveCfg = Debug|Any CPU
		{7FF69442-B896-4E1F-A330-CC2F6DFFC9E0}.Debug|Any CPU.Build.0 = Debug|Any CPU
		{7FF69442-B896-4E1F-A330-CC2F6DFFC9E0}.Release|Any CPU.ActiveCfg = Release|Any CPU
		{7FF69442-B896-4E1F-A330-CC2F6DFFC9E0}.Release|Any CPU.Build.0 = Release|Any CPU
		{2516925D-786A-4DCD-BB7B-0CA6D4842742}.Debug|Any CPU.ActiveCfg = Debug|Any CPU
		{2516925D-786A-4DCD-BB7B-0CA6D4842742}.Debug|Any CPU.Build.0 = Debug|Any CPU
		{2516925D-786A-4DCD-BB7B-0CA6D4842742}.Release|Any CPU.ActiveCfg = Release|Any CPU
		{2516925D-786A-4DCD-BB7B-0CA6D4842742}.Release|Any CPU.Build.0 = Release|Any CPU
		{E0750993-0B53-4B23-8DBE-AF50AF8A7BF5}.Debug|Any CPU.ActiveCfg = Debug|Any CPU
		{E0750993-0B53-4B23-8DBE-AF50AF8A7BF5}.Debug|Any CPU.Build.0 = Debug|Any CPU
		{E0750993-0B53-4B23-8DBE-AF50AF8A7BF5}.Release|Any CPU.ActiveCfg = Release|Any CPU
		{E0750993-0B53-4B23-8DBE-AF50AF8A7BF5}.Release|Any CPU.Build.0 = Release|Any CPU
		{50AD2D45-949C-40FD-8FBE-10F11225828A}.Debug|Any CPU.ActiveCfg = Debug|Any CPU
		{50AD2D45-949C-40FD-8FBE-10F11225828A}.Debug|Any CPU.Build.0 = Debug|Any CPU
		{50AD2D45-949C-40FD-8FBE-10F11225828A}.Release|Any CPU.ActiveCfg = Release|Any CPU
		{50AD2D45-949C-40FD-8FBE-10F11225828A}.Release|Any CPU.Build.0 = Release|Any CPU
	EndGlobalSection
	GlobalSection(SolutionProperties) = preSolution
		HideSolutionNode = FALSE
	EndGlobalSection
	GlobalSection(ExtensibilityGlobals) = postSolution
		SolutionGuid = {326840DD-EA91-41E4-A59C-F39C122A66F2}
	EndGlobalSection
EndGlobal
