
Microsoft Visual Studio Solution File, Format Version 12.00
# Visual Studio 15
VisualStudioVersion = 15.0.28307.421
MinimumVisualStudioVersion = 10.0.40219.1
Project("{FAE04EC0-301F-11D3-BF4B-00C04F79EFBC}") = "01. Data Type Finder", "01. Data Type Finder\01. Data Type Finder.csproj", "{DC86A69C-F808-4DFC-BA6B-145C607C8B72}"
EndProject
Project("{FAE04EC0-301F-11D3-BF4B-00C04F79EFBC}") = "02. From Left to The Right", "02. From Left to The Right\02. From Left to The Right.csproj", "{401476DD-B405-4C69-AF32-1F7440CB479D}"
EndProject
Project("{FAE04EC0-301F-11D3-BF4B-00C04F79EFBC}") = "03. Floating Equality", "03. Floating Equality\03. Floating Equality.csproj", "{1C11D78A-2E48-40AD-909B-B3890ABC39B9}"
EndProject
Project("{FAE04EC0-301F-11D3-BF4B-00C04F79EFBC}") = "04. Refactoring Prime Checker", "04. Refactoring Prime Checker\04. Refactoring Prime Checker.csproj", "{50062A5E-667E-4372-BFF1-A47995A064B9}"
EndProject
Project("{FAE04EC0-301F-11D3-BF4B-00C04F79EFBC}") = "05. Decrypting Messages", "05. Decrypting Messages\05. Decrypting Messages.csproj", "{80E0C427-0E3C-4804-AA8A-F1057F3990C4}"
EndProject
Project("{FAE04EC0-301F-11D3-BF4B-00C04F79EFBC}") = "06. Balanced Brackets", "06. Balanced Brackets\06. Balanced Brackets.csproj", "{37213097-E462-4410-915E-58C35F711B3C}"
EndProject
Global
	GlobalSection(SolutionConfigurationPlatforms) = preSolution
		Debug|Any CPU = Debug|Any CPU
		Release|Any CPU = Release|Any CPU
	EndGlobalSection
	GlobalSection(ProjectConfigurationPlatforms) = postSolution
		{DC86A69C-F808-4DFC-BA6B-145C607C8B72}.Debug|Any CPU.ActiveCfg = Debug|Any CPU
		{DC86A69C-F808-4DFC-BA6B-145C607C8B72}.Debug|Any CPU.Build.0 = Debug|Any CPU
		{DC86A69C-F808-4DFC-BA6B-145C607C8B72}.Release|Any CPU.ActiveCfg = Release|Any CPU
		{DC86A69C-F808-4DFC-BA6B-145C607C8B72}.Release|Any CPU.Build.0 = Release|Any CPU
		{401476DD-B405-4C69-AF32-1F7440CB479D}.Debug|Any CPU.ActiveCfg = Debug|Any CPU
		{401476DD-B405-4C69-AF32-1F7440CB479D}.Debug|Any CPU.Build.0 = Debug|Any CPU
		{401476DD-B405-4C69-AF32-1F7440CB479D}.Release|Any CPU.ActiveCfg = Release|Any CPU
		{401476DD-B405-4C69-AF32-1F7440CB479D}.Release|Any CPU.Build.0 = Release|Any CPU
		{1C11D78A-2E48-40AD-909B-B3890ABC39B9}.Debug|Any CPU.ActiveCfg = Debug|Any CPU
		{1C11D78A-2E48-40AD-909B-B3890ABC39B9}.Debug|Any CPU.Build.0 = Debug|Any CPU
		{1C11D78A-2E48-40AD-909B-B3890ABC39B9}.Release|Any CPU.ActiveCfg = Release|Any CPU
		{1C11D78A-2E48-40AD-909B-B3890ABC39B9}.Release|Any CPU.Build.0 = Release|Any CPU
		{50062A5E-667E-4372-BFF1-A47995A064B9}.Debug|Any CPU.ActiveCfg = Debug|Any CPU
		{50062A5E-667E-4372-BFF1-A47995A064B9}.Debug|Any CPU.Build.0 = Debug|Any CPU
		{50062A5E-667E-4372-BFF1-A47995A064B9}.Release|Any CPU.ActiveCfg = Release|Any CPU
		{50062A5E-667E-4372-BFF1-A47995A064B9}.Release|Any CPU.Build.0 = Release|Any CPU
		{80E0C427-0E3C-4804-AA8A-F1057F3990C4}.Debug|Any CPU.ActiveCfg = Debug|Any CPU
		{80E0C427-0E3C-4804-AA8A-F1057F3990C4}.Debug|Any CPU.Build.0 = Debug|Any CPU
		{80E0C427-0E3C-4804-AA8A-F1057F3990C4}.Release|Any CPU.ActiveCfg = Release|Any CPU
		{80E0C427-0E3C-4804-AA8A-F1057F3990C4}.Release|Any CPU.Build.0 = Release|Any CPU
		{37213097-E462-4410-915E-58C35F711B3C}.Debug|Any CPU.ActiveCfg = Debug|Any CPU
		{37213097-E462-4410-915E-58C35F711B3C}.Debug|Any CPU.Build.0 = Debug|Any CPU
		{37213097-E462-4410-915E-58C35F711B3C}.Release|Any CPU.ActiveCfg = Release|Any CPU
		{37213097-E462-4410-915E-58C35F711B3C}.Release|Any CPU.Build.0 = Release|Any CPU
	EndGlobalSection
	GlobalSection(SolutionProperties) = preSolution
		HideSolutionNode = FALSE
	EndGlobalSection
	GlobalSection(ExtensibilityGlobals) = postSolution
		SolutionGuid = {2D5E909C-E47F-4B96-B445-1985B069C19D}
	EndGlobalSection
EndGlobal
