
Microsoft Visual Studio Solution File, Format Version 12.00
# Visual Studio Version 16
VisualStudioVersion = 16.0.29111.141
MinimumVisualStudioVersion = 10.0.40219.1
Project("{FAE04EC0-301F-11D3-BF4B-00C04F79EFBC}") = "01. Animal Sanctuary", "01. Animal Sanctuary\01. Animal Sanctuary.csproj", "{9CA435C2-F20A-46FF-A88D-FD3E4D0562FA}"
EndProject
Project("{FAE04EC0-301F-11D3-BF4B-00C04F79EFBC}") = "02. Feed the Animals", "02. Feed the Animals\02. Feed the Animals.csproj", "{330F3601-8DCC-40A9-AF2D-402F48B8856C}"
EndProject
Global
	GlobalSection(SolutionConfigurationPlatforms) = preSolution
		Debug|Any CPU = Debug|Any CPU
		Release|Any CPU = Release|Any CPU
	EndGlobalSection
	GlobalSection(ProjectConfigurationPlatforms) = postSolution
		{9CA435C2-F20A-46FF-A88D-FD3E4D0562FA}.Debug|Any CPU.ActiveCfg = Debug|Any CPU
		{9CA435C2-F20A-46FF-A88D-FD3E4D0562FA}.Debug|Any CPU.Build.0 = Debug|Any CPU
		{9CA435C2-F20A-46FF-A88D-FD3E4D0562FA}.Release|Any CPU.ActiveCfg = Release|Any CPU
		{9CA435C2-F20A-46FF-A88D-FD3E4D0562FA}.Release|Any CPU.Build.0 = Release|Any CPU
		{330F3601-8DCC-40A9-AF2D-402F48B8856C}.Debug|Any CPU.ActiveCfg = Debug|Any CPU
		{330F3601-8DCC-40A9-AF2D-402F48B8856C}.Debug|Any CPU.Build.0 = Debug|Any CPU
		{330F3601-8DCC-40A9-AF2D-402F48B8856C}.Release|Any CPU.ActiveCfg = Release|Any CPU
		{330F3601-8DCC-40A9-AF2D-402F48B8856C}.Release|Any CPU.Build.0 = Release|Any CPU
	EndGlobalSection
	GlobalSection(SolutionProperties) = preSolution
		HideSolutionNode = FALSE
	EndGlobalSection
	GlobalSection(ExtensibilityGlobals) = postSolution
		SolutionGuid = {41C8EBF5-0CE4-45F7-AF75-6FC6C0ED7A18}
	EndGlobalSection
EndGlobal
