
Microsoft Visual Studio Solution File, Format Version 12.00
# Visual Studio 15
VisualStudioVersion = 15.0.28307.421
MinimumVisualStudioVersion = 10.0.40219.1
Project("{9A19103F-16F7-4668-BE54-9A1E7A4F7556}") = "01. Train", "01. Train\01. Train.csproj", "{ABFCD0B3-D46B-404D-8A51-8974EF59CD04}"
EndProject
Project("{9A19103F-16F7-4668-BE54-9A1E7A4F7556}") = "02. Change List", "02. Change List\02. Change List.csproj", "{F04BD71D-C43D-46BD-A084-1185F94E5839}"
EndProject
Project("{9A19103F-16F7-4668-BE54-9A1E7A4F7556}") = "03. House Party", "03. House Party\03. House Party.csproj", "{7EA28BB6-721E-4E65-A490-0B865A5E46C6}"
EndProject
Project("{9A19103F-16F7-4668-BE54-9A1E7A4F7556}") = "04. List Operations", "04. List Operations\04. List Operations.csproj", "{018B0840-2ECD-4B18-96B3-6124269EF106}"
EndProject
Project("{9A19103F-16F7-4668-BE54-9A1E7A4F7556}") = "05. Bomb Numbers", "05. Bomb Numbers\05. Bomb Numbers.csproj", "{C7AB2AEB-476A-4A30-82FD-D74D4567D25B}"
EndProject
Project("{9A19103F-16F7-4668-BE54-9A1E7A4F7556}") = "06. Cards Game", "06. Cards Game\06. Cards Game.csproj", "{D2C2A0CE-0F23-4172-AE10-27B87B5FDFBD}"
EndProject
Project("{9A19103F-16F7-4668-BE54-9A1E7A4F7556}") = "07. Append Arrays", "07. Append Arrays\07. Append Arrays.csproj", "{49B26545-C4D5-4620-AF3B-0D38E9019306}"
EndProject
Project("{FAE04EC0-301F-11D3-BF4B-00C04F79EFBC}") = "08. Anonymous Threat", "08. Anonymous Threat\08. Anonymous Threat.csproj", "{63BE3CEF-6B1A-4EDA-9115-24B35D36D103}"
EndProject
Project("{FAE04EC0-301F-11D3-BF4B-00C04F79EFBC}") = "09. Pokemon Do not Go", "09. Pokemon Do not Go\09. Pokemon Do not Go.csproj", "{DAC1B530-552E-4184-A0A6-71C2168E5DF5}"
EndProject
Project("{FAE04EC0-301F-11D3-BF4B-00C04F79EFBC}") = "10. SoftUni Course Planning", "10. SoftUni Course Planning\10. SoftUni Course Planning.csproj", "{8B84E8E5-1F0B-4549-842A-C04B3DD4B941}"
EndProject
Global
	GlobalSection(SolutionConfigurationPlatforms) = preSolution
		Debug|Any CPU = Debug|Any CPU
		Release|Any CPU = Release|Any CPU
	EndGlobalSection
	GlobalSection(ProjectConfigurationPlatforms) = postSolution
		{ABFCD0B3-D46B-404D-8A51-8974EF59CD04}.Debug|Any CPU.ActiveCfg = Debug|Any CPU
		{ABFCD0B3-D46B-404D-8A51-8974EF59CD04}.Debug|Any CPU.Build.0 = Debug|Any CPU
		{ABFCD0B3-D46B-404D-8A51-8974EF59CD04}.Release|Any CPU.ActiveCfg = Release|Any CPU
		{ABFCD0B3-D46B-404D-8A51-8974EF59CD04}.Release|Any CPU.Build.0 = Release|Any CPU
		{F04BD71D-C43D-46BD-A084-1185F94E5839}.Debug|Any CPU.ActiveCfg = Debug|Any CPU
		{F04BD71D-C43D-46BD-A084-1185F94E5839}.Debug|Any CPU.Build.0 = Debug|Any CPU
		{F04BD71D-C43D-46BD-A084-1185F94E5839}.Release|Any CPU.ActiveCfg = Release|Any CPU
		{F04BD71D-C43D-46BD-A084-1185F94E5839}.Release|Any CPU.Build.0 = Release|Any CPU
		{7EA28BB6-721E-4E65-A490-0B865A5E46C6}.Debug|Any CPU.ActiveCfg = Debug|Any CPU
		{7EA28BB6-721E-4E65-A490-0B865A5E46C6}.Debug|Any CPU.Build.0 = Debug|Any CPU
		{7EA28BB6-721E-4E65-A490-0B865A5E46C6}.Release|Any CPU.ActiveCfg = Release|Any CPU
		{7EA28BB6-721E-4E65-A490-0B865A5E46C6}.Release|Any CPU.Build.0 = Release|Any CPU
		{018B0840-2ECD-4B18-96B3-6124269EF106}.Debug|Any CPU.ActiveCfg = Debug|Any CPU
		{018B0840-2ECD-4B18-96B3-6124269EF106}.Debug|Any CPU.Build.0 = Debug|Any CPU
		{018B0840-2ECD-4B18-96B3-6124269EF106}.Release|Any CPU.ActiveCfg = Release|Any CPU
		{018B0840-2ECD-4B18-96B3-6124269EF106}.Release|Any CPU.Build.0 = Release|Any CPU
		{C7AB2AEB-476A-4A30-82FD-D74D4567D25B}.Debug|Any CPU.ActiveCfg = Debug|Any CPU
		{C7AB2AEB-476A-4A30-82FD-D74D4567D25B}.Debug|Any CPU.Build.0 = Debug|Any CPU
		{C7AB2AEB-476A-4A30-82FD-D74D4567D25B}.Release|Any CPU.ActiveCfg = Release|Any CPU
		{C7AB2AEB-476A-4A30-82FD-D74D4567D25B}.Release|Any CPU.Build.0 = Release|Any CPU
		{D2C2A0CE-0F23-4172-AE10-27B87B5FDFBD}.Debug|Any CPU.ActiveCfg = Debug|Any CPU
		{D2C2A0CE-0F23-4172-AE10-27B87B5FDFBD}.Debug|Any CPU.Build.0 = Debug|Any CPU
		{D2C2A0CE-0F23-4172-AE10-27B87B5FDFBD}.Release|Any CPU.ActiveCfg = Release|Any CPU
		{D2C2A0CE-0F23-4172-AE10-27B87B5FDFBD}.Release|Any CPU.Build.0 = Release|Any CPU
		{49B26545-C4D5-4620-AF3B-0D38E9019306}.Debug|Any CPU.ActiveCfg = Debug|Any CPU
		{49B26545-C4D5-4620-AF3B-0D38E9019306}.Debug|Any CPU.Build.0 = Debug|Any CPU
		{49B26545-C4D5-4620-AF3B-0D38E9019306}.Release|Any CPU.ActiveCfg = Release|Any CPU
		{49B26545-C4D5-4620-AF3B-0D38E9019306}.Release|Any CPU.Build.0 = Release|Any CPU
		{63BE3CEF-6B1A-4EDA-9115-24B35D36D103}.Debug|Any CPU.ActiveCfg = Debug|Any CPU
		{63BE3CEF-6B1A-4EDA-9115-24B35D36D103}.Debug|Any CPU.Build.0 = Debug|Any CPU
		{63BE3CEF-6B1A-4EDA-9115-24B35D36D103}.Release|Any CPU.ActiveCfg = Release|Any CPU
		{63BE3CEF-6B1A-4EDA-9115-24B35D36D103}.Release|Any CPU.Build.0 = Release|Any CPU
		{DAC1B530-552E-4184-A0A6-71C2168E5DF5}.Debug|Any CPU.ActiveCfg = Debug|Any CPU
		{DAC1B530-552E-4184-A0A6-71C2168E5DF5}.Debug|Any CPU.Build.0 = Debug|Any CPU
		{DAC1B530-552E-4184-A0A6-71C2168E5DF5}.Release|Any CPU.ActiveCfg = Release|Any CPU
		{DAC1B530-552E-4184-A0A6-71C2168E5DF5}.Release|Any CPU.Build.0 = Release|Any CPU
		{8B84E8E5-1F0B-4549-842A-C04B3DD4B941}.Debug|Any CPU.ActiveCfg = Debug|Any CPU
		{8B84E8E5-1F0B-4549-842A-C04B3DD4B941}.Debug|Any CPU.Build.0 = Debug|Any CPU
		{8B84E8E5-1F0B-4549-842A-C04B3DD4B941}.Release|Any CPU.ActiveCfg = Release|Any CPU
		{8B84E8E5-1F0B-4549-842A-C04B3DD4B941}.Release|Any CPU.Build.0 = Release|Any CPU
	EndGlobalSection
	GlobalSection(SolutionProperties) = preSolution
		HideSolutionNode = FALSE
	EndGlobalSection
	GlobalSection(ExtensibilityGlobals) = postSolution
		SolutionGuid = {26DBC869-E926-4916-8DAC-6034FAEA80E9}
	EndGlobalSection
EndGlobal
